
Microsoft Visual Studio Solution File, Format Version 12.00
# Visual Studio Version 16
VisualStudioVersion = 16.0.31410.357
MinimumVisualStudioVersion = 10.0.40219.1
Project("{FAE04EC0-301F-11D3-BF4B-00C04F79EFBC}") = "View", "View.csproj", "{262DE762-B840-480F-B3C9-E4AD2719E0D2}"
EndProject
Global
	GlobalSection(SolutionConfigurationPlatforms) = preSolution
		Debug|Any CPU = Debug|Any CPU
		Release|Any CPU = Release|Any CPU
	EndGlobalSection
	GlobalSection(ProjectConfigurationPlatforms) = postSolution
		{262DE762-B840-480F-B3C9-E4AD2719E0D2}.Debug|Any CPU.ActiveCfg = Debug|Any CPU
		{262DE762-B840-480F-B3C9-E4AD2719E0D2}.Debug|Any CPU.Build.0 = Debug|Any CPU
		{262DE762-B840-480F-B3C9-E4AD2719E0D2}.Release|Any CPU.ActiveCfg = Release|Any CPU
		{262DE762-B840-480F-B3C9-E4AD2719E0D2}.Release|Any CPU.Build.0 = Release|Any CPU
	EndGlobalSection
	GlobalSection(SolutionProperties) = preSolution
		HideSolutionNode = FALSE
	EndGlobalSection
	GlobalSection(ExtensibilityGlobals) = postSolution
		SolutionGuid = {DED9C93B-99A4-431B-807E-CB9890BBA25E}
	EndGlobalSection
EndGlobal
